
Microsoft Visual Studio Solution File, Format Version 12.00
# Visual Studio Version 16
VisualStudioVersion = 16.0.31025.194
MinimumVisualStudioVersion = 10.0.40219.1
Project("{FAE04EC0-301F-11D3-BF4B-00C04F79EFBC}") = "RailwayManagementSystem", "RailwayManagementSystem\RailwayManagementSystem.csproj", "{0B2795D2-DECF-455D-A16F-9547A72B7535}"
EndProject
Global
	GlobalSection(SolutionConfigurationPlatforms) = preSolution
		Debug|Any CPU = Debug|Any CPU
		Release|Any CPU = Release|Any CPU
	EndGlobalSection
	GlobalSection(ProjectConfigurationPlatforms) = postSolution
		{0B2795D2-DECF-455D-A16F-9547A72B7535}.Debug|Any CPU.ActiveCfg = Debug|Any CPU
		{0B2795D2-DECF-455D-A16F-9547A72B7535}.Debug|Any CPU.Build.0 = Debug|Any CPU
		{0B2795D2-DECF-455D-A16F-9547A72B7535}.Release|Any CPU.ActiveCfg = Release|Any CPU
		{0B2795D2-DECF-455D-A16F-9547A72B7535}.Release|Any CPU.Build.0 = Release|Any CPU
	EndGlobalSection
	GlobalSection(SolutionProperties) = preSolution
		HideSolutionNode = FALSE
	EndGlobalSection
	GlobalSection(ExtensibilityGlobals) = postSolution
		SolutionGuid = {598F7CA5-F7D1-4542-8F13-48B0594FE0F3}
	EndGlobalSection
EndGlobal
